// !$*UTF8*$!
{
	archiveVersion = 1;
	classes = {
	};
	objectVersion = 55;
	objects = {

/* Begin PBXBuildFile section */
		55052AC327F9E0EA003D2179 /* RectangleCard.swift in Sources */ = {isa = PBXBuildFile; fileRef = 55052AC227F9E0EA003D2179 /* RectangleCard.swift */; };
		550751C3283F934000A96DCD /* CalendarDetailView.swift in Sources */ = {isa = PBXBuildFile; fileRef = 550751C2283F934000A96DCD /* CalendarDetailView.swift */; };
		550751C5283F96BC00A96DCD /* CalendarCard.swift in Sources */ = {isa = PBXBuildFile; fileRef = 550751C4283F96BC00A96DCD /* CalendarCard.swift */; };
		553A7119283B624B0091C22D /* StartUpView.swift in Sources */ = {isa = PBXBuildFile; fileRef = 553A7118283B624B0091C22D /* StartUpView.swift */; };
		553A711B283B62FC0091C22D /* CalendarView.swift in Sources */ = {isa = PBXBuildFile; fileRef = 553A711A283B62FC0091C22D /* CalendarView.swift */; };
		553A711D283B630C0091C22D /* MapView.swift in Sources */ = {isa = PBXBuildFile; fileRef = 553A711C283B630C0091C22D /* MapView.swift */; };
		55566446283D00DE00BB7116 /* YTVideoView.swift in Sources */ = {isa = PBXBuildFile; fileRef = 55566445283D00DE00BB7116 /* YTVideoView.swift */; };
		555F833A27FE38B3006BDB22 /* TestResultView.swift in Sources */ = {isa = PBXBuildFile; fileRef = 555F833927FE38B3006BDB22 /* TestResultView.swift */; };
		55687063284F203200385D48 /* CalendarDetailCard.swift in Sources */ = {isa = PBXBuildFile; fileRef = 55687062284F203200385D48 /* CalendarDetailCard.swift */; };
		5568706528507E9E00385D48 /* MapKitModel.swift in Sources */ = {isa = PBXBuildFile; fileRef = 5568706428507E9E00385D48 /* MapKitModel.swift */; };
		556C274A27EBCC53002BFF0B /* LearningApp.swift in Sources */ = {isa = PBXBuildFile; fileRef = 556C274927EBCC53002BFF0B /* LearningApp.swift */; };
		556C274C27EBCC53002BFF0B /* HomeView.swift in Sources */ = {isa = PBXBuildFile; fileRef = 556C274B27EBCC53002BFF0B /* HomeView.swift */; };
		556C274E27EBCC54002BFF0B /* Assets.xcassets in Resources */ = {isa = PBXBuildFile; fileRef = 556C274D27EBCC54002BFF0B /* Assets.xcassets */; };
		556C275127EBCC54002BFF0B /* Preview Assets.xcassets in Resources */ = {isa = PBXBuildFile; fileRef = 556C275027EBCC54002BFF0B /* Preview Assets.xcassets */; };
		556C275D27EBCD4A002BFF0B /* ContentModel.swift in Sources */ = {isa = PBXBuildFile; fileRef = 556C275C27EBCD4A002BFF0B /* ContentModel.swift */; };
		556C275F27EBD002002BFF0B /* data.json in Resources */ = {isa = PBXBuildFile; fileRef = 556C275E27EBD002002BFF0B /* data.json */; };
		556C276127EBD008002BFF0B /* style.html in Resources */ = {isa = PBXBuildFile; fileRef = 556C276027EBD008002BFF0B /* style.html */; };
		556C276327EBD1F1002BFF0B /* Module.swift in Sources */ = {isa = PBXBuildFile; fileRef = 556C276227EBD1F1002BFF0B /* Module.swift */; };
		557C0C5227FA5B5800EC4580 /* TestView.swift in Sources */ = {isa = PBXBuildFile; fileRef = 557C0C5127FA5B5800EC4580 /* TestView.swift */; };
		5585DA3227ED2CA5004DDD99 /* HomeViewRow.swift in Sources */ = {isa = PBXBuildFile; fileRef = 5585DA3127ED2CA5004DDD99 /* HomeViewRow.swift */; };
		5585DA3427F16A19004DDD99 /* ContentView.swift in Sources */ = {isa = PBXBuildFile; fileRef = 5585DA3327F16A19004DDD99 /* ContentView.swift */; };
		5585DA3627F172EA004DDD99 /* ContentViewRow.swift in Sources */ = {isa = PBXBuildFile; fileRef = 5585DA3527F172EA004DDD99 /* ContentViewRow.swift */; };
		55D62F6627F2747A00571B75 /* ContentDetailView.swift in Sources */ = {isa = PBXBuildFile; fileRef = 55D62F6527F2747A00571B75 /* ContentDetailView.swift */; };
		55D62F6927F2771800571B75 /* AVKit.framework in Frameworks */ = {isa = PBXBuildFile; fileRef = 55D62F6827F2771800571B75 /* AVKit.framework */; };
		55D62F6B27F2781D00571B75 /* Constants.swift in Sources */ = {isa = PBXBuildFile; fileRef = 55D62F6A27F2781D00571B75 /* Constants.swift */; };
		55D62F8A27F7EACD00571B75 /* CodeTextView.swift in Sources */ = {isa = PBXBuildFile; fileRef = 55D62F8927F7EACD00571B75 /* CodeTextView.swift */; };
/* End PBXBuildFile section */

/* Begin PBXFileReference section */
		55052AC227F9E0EA003D2179 /* RectangleCard.swift */ = {isa = PBXFileReference; lastKnownFileType = sourcecode.swift; path = RectangleCard.swift; sourceTree = "<group>"; };
		550751C2283F934000A96DCD /* CalendarDetailView.swift */ = {isa = PBXFileReference; lastKnownFileType = sourcecode.swift; path = CalendarDetailView.swift; sourceTree = "<group>"; };
		550751C4283F96BC00A96DCD /* CalendarCard.swift */ = {isa = PBXFileReference; lastKnownFileType = sourcecode.swift; path = CalendarCard.swift; sourceTree = "<group>"; };
		553A7118283B624B0091C22D /* StartUpView.swift */ = {isa = PBXFileReference; lastKnownFileType = sourcecode.swift; path = StartUpView.swift; sourceTree = "<group>"; };
		553A711A283B62FC0091C22D /* CalendarView.swift */ = {isa = PBXFileReference; lastKnownFileType = sourcecode.swift; path = CalendarView.swift; sourceTree = "<group>"; };
		553A711C283B630C0091C22D /* MapView.swift */ = {isa = PBXFileReference; lastKnownFileType = sourcecode.swift; path = MapView.swift; sourceTree = "<group>"; };
		55566445283D00DE00BB7116 /* YTVideoView.swift */ = {isa = PBXFileReference; lastKnownFileType = sourcecode.swift; path = YTVideoView.swift; sourceTree = "<group>"; };
		555F833927FE38B3006BDB22 /* TestResultView.swift */ = {isa = PBXFileReference; lastKnownFileType = sourcecode.swift; path = TestResultView.swift; sourceTree = "<group>"; };
		55687062284F203200385D48 /* CalendarDetailCard.swift */ = {isa = PBXFileReference; lastKnownFileType = sourcecode.swift; path = CalendarDetailCard.swift; sourceTree = "<group>"; };
		5568706428507E9E00385D48 /* MapKitModel.swift */ = {isa = PBXFileReference; lastKnownFileType = sourcecode.swift; path = MapKitModel.swift; sourceTree = "<group>"; };
		556C274627EBCC53002BFF0B /* LearningApp.app */ = {isa = PBXFileReference; explicitFileType = wrapper.application; includeInIndex = 0; path = LearningApp.app; sourceTree = BUILT_PRODUCTS_DIR; };
		556C274927EBCC53002BFF0B /* LearningApp.swift */ = {isa = PBXFileReference; lastKnownFileType = sourcecode.swift; path = LearningApp.swift; sourceTree = "<group>"; };
		556C274B27EBCC53002BFF0B /* HomeView.swift */ = {isa = PBXFileReference; lastKnownFileType = sourcecode.swift; path = HomeView.swift; sourceTree = "<group>"; };
		556C274D27EBCC54002BFF0B /* Assets.xcassets */ = {isa = PBXFileReference; lastKnownFileType = folder.assetcatalog; path = Assets.xcassets; sourceTree = "<group>"; };
		556C275027EBCC54002BFF0B /* Preview Assets.xcassets */ = {isa = PBXFileReference; lastKnownFileType = folder.assetcatalog; path = "Preview Assets.xcassets"; sourceTree = "<group>"; };
		556C275C27EBCD4A002BFF0B /* ContentModel.swift */ = {isa = PBXFileReference; lastKnownFileType = sourcecode.swift; path = ContentModel.swift; sourceTree = "<group>"; };
		556C275E27EBD002002BFF0B /* data.json */ = {isa = PBXFileReference; fileEncoding = 4; lastKnownFileType = text.json; path = data.json; sourceTree = "<group>"; };
		556C276027EBD008002BFF0B /* style.html */ = {isa = PBXFileReference; fileEncoding = 4; lastKnownFileType = text.html; path = style.html; sourceTree = "<group>"; };
		556C276227EBD1F1002BFF0B /* Module.swift */ = {isa = PBXFileReference; lastKnownFileType = sourcecode.swift; path = Module.swift; sourceTree = "<group>"; };
		557C0C5127FA5B5800EC4580 /* TestView.swift */ = {isa = PBXFileReference; lastKnownFileType = sourcecode.swift; path = TestView.swift; sourceTree = "<group>"; };
		5585DA3127ED2CA5004DDD99 /* HomeViewRow.swift */ = {isa = PBXFileReference; lastKnownFileType = sourcecode.swift; path = HomeViewRow.swift; sourceTree = "<group>"; };
		5585DA3327F16A19004DDD99 /* ContentView.swift */ = {isa = PBXFileReference; lastKnownFileType = sourcecode.swift; path = ContentView.swift; sourceTree = "<group>"; };
		5585DA3527F172EA004DDD99 /* ContentViewRow.swift */ = {isa = PBXFileReference; lastKnownFileType = sourcecode.swift; path = ContentViewRow.swift; sourceTree = "<group>"; };
		55D62F6527F2747A00571B75 /* ContentDetailView.swift */ = {isa = PBXFileReference; lastKnownFileType = sourcecode.swift; path = ContentDetailView.swift; sourceTree = "<group>"; };
		55D62F6827F2771800571B75 /* AVKit.framework */ = {isa = PBXFileReference; lastKnownFileType = wrapper.framework; name = AVKit.framework; path = System/Library/Frameworks/AVKit.framework; sourceTree = SDKROOT; };
		55D62F6A27F2781D00571B75 /* Constants.swift */ = {isa = PBXFileReference; lastKnownFileType = sourcecode.swift; path = Constants.swift; sourceTree = "<group>"; };
		55D62F8927F7EACD00571B75 /* CodeTextView.swift */ = {isa = PBXFileReference; lastKnownFileType = sourcecode.swift; path = CodeTextView.swift; sourceTree = "<group>"; };
/* End PBXFileReference section */

/* Begin PBXFrameworksBuildPhase section */
		556C274327EBCC53002BFF0B /* Frameworks */ = {
			isa = PBXFrameworksBuildPhase;
			buildActionMask = 2147483647;
			files = (
				55D62F6927F2771800571B75 /* AVKit.framework in Frameworks */,
			);
			runOnlyForDeploymentPostprocessing = 0;
		};
/* End PBXFrameworksBuildPhase section */

/* Begin PBXGroup section */
		553A711E283B64430091C22D /* Course */ = {
			isa = PBXGroup;
			children = (
				556C274B27EBCC53002BFF0B /* HomeView.swift */,
				5585DA3127ED2CA5004DDD99 /* HomeViewRow.swift */,
				5585DA3327F16A19004DDD99 /* ContentView.swift */,
				5585DA3527F172EA004DDD99 /* ContentViewRow.swift */,
				55D62F6527F2747A00571B75 /* ContentDetailView.swift */,
				557C0C5127FA5B5800EC4580 /* TestView.swift */,
				555F833927FE38B3006BDB22 /* TestResultView.swift */,
				55D62F8927F7EACD00571B75 /* CodeTextView.swift */,
				55052AC227F9E0EA003D2179 /* RectangleCard.swift */,
				55566445283D00DE00BB7116 /* YTVideoView.swift */,
			);
			path = Course;
			sourceTree = "<group>";
		};
		553A711F283B645B0091C22D /* Calendar */ = {
			isa = PBXGroup;
			children = (
				553A711A283B62FC0091C22D /* CalendarView.swift */,
				550751C2283F934000A96DCD /* CalendarDetailView.swift */,
				55687062284F203200385D48 /* CalendarDetailCard.swift */,
				550751C4283F96BC00A96DCD /* CalendarCard.swift */,
			);
			path = Calendar;
			sourceTree = "<group>";
		};
		553A7120283B646A0091C22D /* Map */ = {
			isa = PBXGroup;
			children = (
				553A711C283B630C0091C22D /* MapView.swift */,
				5568706428507E9E00385D48 /* MapKitModel.swift */,
			);
			path = Map;
			sourceTree = "<group>";
		};
		556C273D27EBCC53002BFF0B = {
			isa = PBXGroup;
			children = (
				556C274827EBCC53002BFF0B /* LearningApp */,
				556C274727EBCC53002BFF0B /* Products */,
				55D62F6727F2771800571B75 /* Frameworks */,
			);
			sourceTree = "<group>";
		};
		556C274727EBCC53002BFF0B /* Products */ = {
			isa = PBXGroup;
			children = (
				556C274627EBCC53002BFF0B /* LearningApp.app */,
			);
			name = Products;
			sourceTree = "<group>";
		};
		556C274827EBCC53002BFF0B /* LearningApp */ = {
			isa = PBXGroup;
			children = (
				556C274927EBCC53002BFF0B /* LearningApp.swift */,
				556C275727EBCCDE002BFF0B /* Views */,
				556C275827EBCCE3002BFF0B /* ViewModels */,
				556C275927EBCCEE002BFF0B /* Models */,
				556C275A27EBCCF3002BFF0B /* Resources */,
				556C275B27EBCCF7002BFF0B /* Helpers */,
				556C274D27EBCC54002BFF0B /* Assets.xcassets */,
				556C274F27EBCC54002BFF0B /* Preview Content */,
			);
			path = LearningApp;
			sourceTree = "<group>";
		};
		556C274F27EBCC54002BFF0B /* Preview Content */ = {
			isa = PBXGroup;
			children = (
				556C275027EBCC54002BFF0B /* Preview Assets.xcassets */,
			);
			path = "Preview Content";
			sourceTree = "<group>";
		};
		556C275727EBCCDE002BFF0B /* Views */ = {
			isa = PBXGroup;
			children = (
				553A7118283B624B0091C22D /* StartUpView.swift */,
				553A7120283B646A0091C22D /* Map */,
				553A711F283B645B0091C22D /* Calendar */,
				553A711E283B64430091C22D /* Course */,
			);
			path = Views;
			sourceTree = "<group>";
		};
		556C275827EBCCE3002BFF0B /* ViewModels */ = {
			isa = PBXGroup;
			children = (
				556C275C27EBCD4A002BFF0B /* ContentModel.swift */,
			);
			path = ViewModels;
			sourceTree = "<group>";
		};
		556C275927EBCCEE002BFF0B /* Models */ = {
			isa = PBXGroup;
			children = (
				556C276227EBD1F1002BFF0B /* Module.swift */,
			);
			path = Models;
			sourceTree = "<group>";
		};
		556C275A27EBCCF3002BFF0B /* Resources */ = {
			isa = PBXGroup;
			children = (
				556C275E27EBD002002BFF0B /* data.json */,
				556C276027EBD008002BFF0B /* style.html */,
				55D62F6A27F2781D00571B75 /* Constants.swift */,
			);
			path = Resources;
			sourceTree = "<group>";
		};
		556C275B27EBCCF7002BFF0B /* Helpers */ = {
			isa = PBXGroup;
			children = (
			);
			path = Helpers;
			sourceTree = "<group>";
		};
		55D62F6727F2771800571B75 /* Frameworks */ = {
			isa = PBXGroup;
			children = (
				55D62F6827F2771800571B75 /* AVKit.framework */,
			);
			name = Frameworks;
			sourceTree = "<group>";
		};
/* End PBXGroup section */

/* Begin PBXNativeTarget section */
		556C274527EBCC53002BFF0B /* LearningApp */ = {
			isa = PBXNativeTarget;
			buildConfigurationList = 556C275427EBCC54002BFF0B /* Build configuration list for PBXNativeTarget "LearningApp" */;
			buildPhases = (
				556C274227EBCC53002BFF0B /* Sources */,
				556C274327EBCC53002BFF0B /* Frameworks */,
				556C274427EBCC53002BFF0B /* Resources */,
			);
			buildRules = (
			);
			dependencies = (
			);
			name = LearningApp;
			productName = LearningApp;
			productReference = 556C274627EBCC53002BFF0B /* LearningApp.app */;
			productType = "com.apple.product-type.application";
		};
/* End PBXNativeTarget section */

/* Begin PBXProject section */
		556C273E27EBCC53002BFF0B /* Project object */ = {
			isa = PBXProject;
			attributes = {
				BuildIndependentTargetsInParallel = 1;
				LastSwiftUpdateCheck = 1320;
				LastUpgradeCheck = 1320;
				TargetAttributes = {
					556C274527EBCC53002BFF0B = {
						CreatedOnToolsVersion = 13.2.1;
					};
				};
			};
			buildConfigurationList = 556C274127EBCC53002BFF0B /* Build configuration list for PBXProject "LearningApp" */;
			compatibilityVersion = "Xcode 13.0";
			developmentRegion = en;
			hasScannedForEncodings = 0;
			knownRegions = (
				en,
				Base,
			);
			mainGroup = 556C273D27EBCC53002BFF0B;
			productRefGroup = 556C274727EBCC53002BFF0B /* Products */;
			projectDirPath = "";
			projectRoot = "";
			targets = (
				556C274527EBCC53002BFF0B /* LearningApp */,
			);
		};
/* End PBXProject section */

/* Begin PBXResourcesBuildPhase section */
		556C274427EBCC53002BFF0B /* Resources */ = {
			isa = PBXResourcesBuildPhase;
			buildActionMask = 2147483647;
			files = (
				556C275127EBCC54002BFF0B /* Preview Assets.xcassets in Resources */,
				556C275F27EBD002002BFF0B /* data.json in Resources */,
				556C276127EBD008002BFF0B /* style.html in Resources */,
				556C274E27EBCC54002BFF0B /* Assets.xcassets in Resources */,
			);
			runOnlyForDeploymentPostprocessing = 0;
		};
/* End PBXResourcesBuildPhase section */

/* Begin PBXSourcesBuildPhase section */
		556C274227EBCC53002BFF0B /* Sources */ = {
			isa = PBXSourcesBuildPhase;
			buildActionMask = 2147483647;
			files = (
				557C0C5227FA5B5800EC4580 /* TestView.swift in Sources */,
				553A711D283B630C0091C22D /* MapView.swift in Sources */,
				555F833A27FE38B3006BDB22 /* TestResultView.swift in Sources */,
				556C274C27EBCC53002BFF0B /* HomeView.swift in Sources */,
				5568706528507E9E00385D48 /* MapKitModel.swift in Sources */,
				5585DA3227ED2CA5004DDD99 /* HomeViewRow.swift in Sources */,
				5585DA3427F16A19004DDD99 /* ContentView.swift in Sources */,
				553A711B283B62FC0091C22D /* CalendarView.swift in Sources */,
				55D62F6627F2747A00571B75 /* ContentDetailView.swift in Sources */,
				556C276327EBD1F1002BFF0B /* Module.swift in Sources */,
				55566446283D00DE00BB7116 /* YTVideoView.swift in Sources */,
				55687063284F203200385D48 /* CalendarDetailCard.swift in Sources */,
				5585DA3627F172EA004DDD99 /* ContentViewRow.swift in Sources */,
				550751C3283F934000A96DCD /* CalendarDetailView.swift in Sources */,
				550751C5283F96BC00A96DCD /* CalendarCard.swift in Sources */,
				55D62F8A27F7EACD00571B75 /* CodeTextView.swift in Sources */,
				556C274A27EBCC53002BFF0B /* LearningApp.swift in Sources */,
				556C275D27EBCD4A002BFF0B /* ContentModel.swift in Sources */,
				55052AC327F9E0EA003D2179 /* RectangleCard.swift in Sources */,
				553A7119283B624B0091C22D /* StartUpView.swift in Sources */,
				55D62F6B27F2781D00571B75 /* Constants.swift in Sources */,
			);
			runOnlyForDeploymentPostprocessing = 0;
		};
/* End PBXSourcesBuildPhase section */

/* Begin XCBuildConfiguration section */
		556C275227EBCC54002BFF0B /* Debug */ = {
			isa = XCBuildConfiguration;
			buildSettings = {
				ALWAYS_SEARCH_USER_PATHS = NO;
				CLANG_ANALYZER_NONNULL = YES;
				CLANG_ANALYZER_NUMBER_OBJECT_CONVERSION = YES_AGGRESSIVE;
				CLANG_CXX_LANGUAGE_STANDARD = "gnu++17";
				CLANG_CXX_LIBRARY = "libc++";
				CLANG_ENABLE_MODULES = YES;
				CLANG_ENABLE_OBJC_ARC = YES;
				CLANG_ENABLE_OBJC_WEAK = YES;
				CLANG_WARN_BLOCK_CAPTURE_AUTORELEASING = YES;
				CLANG_WARN_BOOL_CONVERSION = YES;
				CLANG_WARN_COMMA = YES;
				CLANG_WARN_CONSTANT_CONVERSION = YES;
				CLANG_WARN_DEPRECATED_OBJC_IMPLEMENTATIONS = YES;
				CLANG_WARN_DIRECT_OBJC_ISA_USAGE = YES_ERROR;
				CLANG_WARN_DOCUMENTATION_COMMENTS = YES;
				CLANG_WARN_EMPTY_BODY = YES;
				CLANG_WARN_ENUM_CONVERSION = YES;
				CLANG_WARN_INFINITE_RECURSION = YES;
				CLANG_WARN_INT_CONVERSION = YES;
				CLANG_WARN_NON_LITERAL_NULL_CONVERSION = YES;
				CLANG_WARN_OBJC_IMPLICIT_RETAIN_SELF = YES;
				CLANG_WARN_OBJC_LITERAL_CONVERSION = YES;
				CLANG_WARN_OBJC_ROOT_CLASS = YES_ERROR;
				CLANG_WARN_QUOTED_INCLUDE_IN_FRAMEWORK_HEADER = YES;
				CLANG_WARN_RANGE_LOOP_ANALYSIS = YES;
				CLANG_WARN_STRICT_PROTOTYPES = YES;
				CLANG_WARN_SUSPICIOUS_MOVE = YES;
				CLANG_WARN_UNGUARDED_AVAILABILITY = YES_AGGRESSIVE;
				CLANG_WARN_UNREACHABLE_CODE = YES;
				CLANG_WARN__DUPLICATE_METHOD_MATCH = YES;
				COPY_PHASE_STRIP = NO;
				DEBUG_INFORMATION_FORMAT = dwarf;
				ENABLE_STRICT_OBJC_MSGSEND = YES;
				ENABLE_TESTABILITY = YES;
				GCC_C_LANGUAGE_STANDARD = gnu11;
				GCC_DYNAMIC_NO_PIC = NO;
				GCC_NO_COMMON_BLOCKS = YES;
				GCC_OPTIMIZATION_LEVEL = 0;
				GCC_PREPROCESSOR_DEFINITIONS = (
					"DEBUG=1",
					"$(inherited)",
				);
				GCC_WARN_64_TO_32_BIT_CONVERSION = YES;
				GCC_WARN_ABOUT_RETURN_TYPE = YES_ERROR;
				GCC_WARN_UNDECLARED_SELECTOR = YES;
				GCC_WARN_UNINITIALIZED_AUTOS = YES_AGGRESSIVE;
				GCC_WARN_UNUSED_FUNCTION = YES;
				GCC_WARN_UNUSED_VARIABLE = YES;
				IPHONEOS_DEPLOYMENT_TARGET = 15.2;
				MTL_ENABLE_DEBUG_INFO = INCLUDE_SOURCE;
				MTL_FAST_MATH = YES;
				ONLY_ACTIVE_ARCH = YES;
				SDKROOT = iphoneos;
				SWIFT_ACTIVE_COMPILATION_CONDITIONS = DEBUG;
				SWIFT_OPTIMIZATION_LEVEL = "-Onone";
			};
			name = Debug;
		};
		556C275327EBCC54002BFF0B /* Release */ = {
			isa = XCBuildConfiguration;
			buildSettings = {
				ALWAYS_SEARCH_USER_PATHS = NO;
				CLANG_ANALYZER_NONNULL = YES;
				CLANG_ANALYZER_NUMBER_OBJECT_CONVERSION = YES_AGGRESSIVE;
				CLANG_CXX_LANGUAGE_STANDARD = "gnu++17";
				CLANG_CXX_LIBRARY = "libc++";
				CLANG_ENABLE_MODULES = YES;
				CLANG_ENABLE_OBJC_ARC = YES;
				CLANG_ENABLE_OBJC_WEAK = YES;
				CLANG_WARN_BLOCK_CAPTURE_AUTORELEASING = YES;
				CLANG_WARN_BOOL_CONVERSION = YES;
				CLANG_WARN_COMMA = YES;
				CLANG_WARN_CONSTANT_CONVERSION = YES;
				CLANG_WARN_DEPRECATED_OBJC_IMPLEMENTATIONS = YES;
				CLANG_WARN_DIRECT_OBJC_ISA_USAGE = YES_ERROR;
				CLANG_WARN_DOCUMENTATION_COMMENTS = YES;
				CLANG_WARN_EMPTY_BODY = YES;
				CLANG_WARN_ENUM_CONVERSION = YES;
				CLANG_WARN_INFINITE_RECURSION = YES;
				CLANG_WARN_INT_CONVERSION = YES;
				CLANG_WARN_NON_LITERAL_NULL_CONVERSION = YES;
				CLANG_WARN_OBJC_IMPLICIT_RETAIN_SELF = YES;
				CLANG_WARN_OBJC_LITERAL_CONVERSION = YES;
				CLANG_WARN_OBJC_ROOT_CLASS = YES_ERROR;
				CLANG_WARN_QUOTED_INCLUDE_IN_FRAMEWORK_HEADER = YES;
				CLANG_WARN_RANGE_LOOP_ANALYSIS = YES;
				CLANG_WARN_STRICT_PROTOTYPES = YES;
				CLANG_WARN_SUSPICIOUS_MOVE = YES;
				CLANG_WARN_UNGUARDED_AVAILABILITY = YES_AGGRESSIVE;
				CLANG_WARN_UNREACHABLE_CODE = YES;
				CLANG_WARN__DUPLICATE_METHOD_MATCH = YES;
				COPY_PHASE_STRIP = NO;
				DEBUG_INFORMATION_FORMAT = "dwarf-with-dsym";
				ENABLE_NS_ASSERTIONS = NO;
				ENABLE_STRICT_OBJC_MSGSEND = YES;
				GCC_C_LANGUAGE_STANDARD = gnu11;
				GCC_NO_COMMON_BLOCKS = YES;
				GCC_WARN_64_TO_32_BIT_CONVERSION = YES;
				GCC_WARN_ABOUT_RETURN_TYPE = YES_ERROR;
				GCC_WARN_UNDECLARED_SELECTOR = YES;
				GCC_WARN_UNINITIALIZED_AUTOS = YES_AGGRESSIVE;
				GCC_WARN_UNUSED_FUNCTION = YES;
				GCC_WARN_UNUSED_VARIABLE = YES;
				IPHONEOS_DEPLOYMENT_TARGET = 15.2;
				MTL_ENABLE_DEBUG_INFO = NO;
				MTL_FAST_MATH = YES;
				SDKROOT = iphoneos;
				SWIFT_COMPILATION_MODE = wholemodule;
				SWIFT_OPTIMIZATION_LEVEL = "-O";
				VALIDATE_PRODUCT = YES;
			};
			name = Release;
		};
		556C275527EBCC54002BFF0B /* Debug */ = {
			isa = XCBuildConfiguration;
			buildSettings = {
				ASSETCATALOG_COMPILER_APPICON_NAME = AppIcon;
				ASSETCATALOG_COMPILER_GLOBAL_ACCENT_COLOR_NAME = AccentColor;
				CODE_SIGN_STYLE = Automatic;
				CURRENT_PROJECT_VERSION = 1;
				DEVELOPMENT_ASSET_PATHS = "\"LearningApp/Preview Content\"";
				DEVELOPMENT_TEAM = TZB7FB6SGD;
				ENABLE_PREVIEWS = YES;
				GENERATE_INFOPLIST_FILE = YES;
				INFOPLIST_KEY_NSLocationWhenInUseUsageDescription = "要使用牙醫地圖找尋您身邊的牙醫診所，我們需要你的定位";
				INFOPLIST_KEY_UIApplicationSceneManifest_Generation = YES;
				INFOPLIST_KEY_UIApplicationSupportsIndirectInputEvents = YES;
				INFOPLIST_KEY_UILaunchScreen_Generation = YES;
				INFOPLIST_KEY_UISupportedInterfaceOrientations_iPad = "UIInterfaceOrientationPortrait UIInterfaceOrientationPortraitUpsideDown UIInterfaceOrientationLandscapeLeft UIInterfaceOrientationLandscapeRight";
				INFOPLIST_KEY_UISupportedInterfaceOrientations_iPhone = "UIInterfaceOrientationPortrait UIInterfaceOrientationLandscapeLeft UIInterfaceOrientationLandscapeRight";
				LD_RUNPATH_SEARCH_PATHS = (
					"$(inherited)",
					"@executable_path/Frameworks",
				);
				MARKETING_VERSION = 1.0;
				PRODUCT_BUNDLE_IDENTIFIER = Stephen200274.LearningApp;
				PRODUCT_NAME = "$(TARGET_NAME)";
				SWIFT_EMIT_LOC_STRINGS = YES;
				SWIFT_VERSION = 5.0;
				TARGETED_DEVICE_FAMILY = "1,2";
			};
			name = Debug;
		};
		556C275627EBCC54002BFF0B /* Release */ = {
			isa = XCBuildConfiguration;
			buildSettings = {
				ASSETCATALOG_COMPILER_APPICON_NAME = AppIcon;
				ASSETCATALOG_COMPILER_GLOBAL_ACCENT_COLOR_NAME = AccentColor;
				CODE_SIGN_STYLE = Automatic;
				CURRENT_PROJECT_VERSION = 1;
				DEVELOPMENT_ASSET_PATHS = "\"LearningApp/Preview Content\"";
				DEVELOPMENT_TEAM = TZB7FB6SGD;
				ENABLE_PREVIEWS = YES;
				GENERATE_INFOPLIST_FILE = YES;
				INFOPLIST_KEY_NSLocationWhenInUseUsageDescription = "要使用牙醫地圖找尋您身邊的牙醫診所，我們需要你的定位";
				INFOPLIST_KEY_UIApplicationSceneManifest_Generation = YES;
				INFOPLIST_KEY_UIApplicationSupportsIndirectInputEvents = YES;
				INFOPLIST_KEY_UILaunchScreen_Generation = YES;
				INFOPLIST_KEY_UISupportedInterfaceOrientations_iPad = "UIInterfaceOrientationPortrait UIInterfaceOrientationPortraitUpsideDown UIInterfaceOrientationLandscapeLeft UIInterfaceOrientationLandscapeRight";
				INFOPLIST_KEY_UISupportedInterfaceOrientations_iPhone = "UIInterfaceOrientationPortrait UIInterfaceOrientationLandscapeLeft UIInterfaceOrientationLandscapeRight";
				LD_RUNPATH_SEARCH_PATHS = (
					"$(inherited)",
					"@executable_path/Frameworks",
				);
				MARKETING_VERSION = 1.0;
				PRODUCT_BUNDLE_IDENTIFIER = Stephen200274.LearningApp;
				PRODUCT_NAME = "$(TARGET_NAME)";
				SWIFT_EMIT_LOC_STRINGS = YES;
				SWIFT_VERSION = 5.0;
				TARGETED_DEVICE_FAMILY = "1,2";
			};
			name = Release;
		};
/* End XCBuildConfiguration section */

/* Begin XCConfigurationList section */
		556C274127EBCC53002BFF0B /* Build configuration list for PBXProject "LearningApp" */ = {
			isa = XCConfigurationList;
			buildConfigurations = (
				556C275227EBCC54002BFF0B /* Debug */,
				556C275327EBCC54002BFF0B /* Release */,
			);
			defaultConfigurationIsVisible = 0;
			defaultConfigurationName = Release;
		};
		556C275427EBCC54002BFF0B /* Build configuration list for PBXNativeTarget "LearningApp" */ = {
			isa = XCConfigurationList;
			buildConfigurations = (
				556C275527EBCC54002BFF0B /* Debug */,
				556C275627EBCC54002BFF0B /* Release */,
			);
			defaultConfigurationIsVisible = 0;
			defaultConfigurationName = Release;
		};
/* End XCConfigurationList section */
	};
	rootObject = 556C273E27EBCC53002BFF0B /* Project object */;
}
